Microsoft Visual Studio Solution File, Format Version 12.00
# Visual Studio Version 17
VisualStudioVersion = 17.5.2.0
MinimumVisualStudioVersion = 10.0.40219.1
Project("{FAE04EC0-301F-11D3-BF4B-00C04F79EFBC}") = "SaasLicenseSystem.Api", "SaasLicenseSystem.Api.csproj", "{10EFBE94-A4A8-D03A-077F-8D3EF24BCFEC}"
EndProject
Global
	GlobalSection(SolutionConfigurationPlatforms) = preSolution
		Debug|Any CPU = Debug|Any CPU
		Release|Any CPU = Release|Any CPU
	EndGlobalSection
	GlobalSection(ProjectConfigurationPlatforms) = postSolution
		{10EFBE94-A4A8-D03A-077F-8D3EF24BCFEC}.Debug|Any CPU.ActiveCfg = Debug|Any CPU
		{10EFBE94-A4A8-D03A-077F-8D3EF24BCFEC}.Debug|Any CPU.Build.0 = Debug|Any CPU
		{10EFBE94-A4A8-D03A-077F-8D3EF24BCFEC}.Release|Any CPU.ActiveCfg = Release|Any CPU
		{10EFBE94-A4A8-D03A-077F-8D3EF24BCFEC}.Release|Any CPU.Build.0 = Release|Any CPU
	EndGlobalSection
	GlobalSection(SolutionProperties) = preSolution
		HideSolutionNode = FALSE
	EndGlobalSection
	GlobalSection(ExtensibilityGlobals) = postSolution
		SolutionGuid = {D5BEDAF3-365F-44CF-8D6F-C4A446C1533D}
	EndGlobalSection
EndGlobal
